// !$*UTF8*$!
{
	archiveVersion = 1;
	classes = {
	};
	objectVersion = 46;
	objects = {

/* Begin PBXBuildFile section */
		D1C9BD72191919B000B22750 /* Foundation.framework in Frameworks */ = {isa = PBXBuildFile; fileRef = D1C9BD71191919B000B22750 /* Foundation.framework */; };
		D1C9BD74191919B000B22750 /* CoreGraphics.framework in Frameworks */ = {isa = PBXBuildFile; fileRef = D1C9BD73191919B000B22750 /* CoreGraphics.framework */; };
		D1C9BD76191919B000B22750 /* UIKit.framework in Frameworks */ = {isa = PBXBuildFile; fileRef = D1C9BD75191919B000B22750 /* UIKit.framework */; };
		D1C9BD8B191919B000B22750 /* XCTest.framework in Frameworks */ = {isa = PBXBuildFile; fileRef = D1C9BD8A191919B000B22750 /* XCTest.framework */; };
		D1C9BD8C191919B000B22750 /* Foundation.framework in Frameworks */ = {isa = PBXBuildFile; fileRef = D1C9BD71191919B000B22750 /* Foundation.framework */; };
		D1C9BD8D191919B000B22750 /* UIKit.framework in Frameworks */ = {isa = PBXBuildFile; fileRef = D1C9BD75191919B000B22750 /* UIKit.framework */; };
		D1C9BD95191919B000B22750 /* InfoPlist.strings in Resources */ = {isa = PBXBuildFile; fileRef = D1C9BD93191919B000B22750 /* InfoPlist.strings */; };
		D1C9BD97191919B000B22750 /* MAOFlipViewControllerTests.m in Sources */ = {isa = PBXBuildFile; fileRef = D1C9BD96191919B000B22750 /* MAOFlipViewControllerTests.m */; };
		D1C9BDA619191A6400B22750 /* MAOPanGestureRecognizer.m in Sources */ = {isa = PBXBuildFile; fileRef = D1C9BDA519191A6400B22750 /* MAOPanGestureRecognizer.m */; };
		D1C9BDA919191AE600B22750 /* MAOFlipInteraction.m in Sources */ = {isa = PBXBuildFile; fileRef = D1C9BDA819191AE600B22750 /* MAOFlipInteraction.m */; };
		D1C9BDAC19191B9300B22750 /* MAOFlipTransition.m in Sources */ = {isa = PBXBuildFile; fileRef = D1C9BDAB19191B9300B22750 /* MAOFlipTransition.m */; };
		D1C9BDAF19191BEB00B22750 /* MAOFlipViewController.m in Sources */ = {isa = PBXBuildFile; fileRef = D1C9BDAE19191BEB00B22750 /* MAOFlipViewController.m */; };
/* End PBXBuildFile section */

/* Begin PBXContainerItemProxy section */
		D1C9BD8E191919B000B22750 /* PBXContainerItemProxy */ = {
			isa = PBXContainerItemProxy;
			containerPortal = D1C9BD66191919B000B22750 /* Project object */;
			proxyType = 1;
			remoteGlobalIDString = D1C9BD6D191919B000B22750;
			remoteInfo = MAOFlipViewController;
		};
/* End PBXContainerItemProxy section */

/* Begin PBXFileReference section */
		D1C9BD6E191919B000B22750 /* MAOFlipViewController.app */ = {isa = PBXFileReference; explicitFileType = wrapper.application; includeInIndex = 0; path = MAOFlipViewController.app; sourceTree = BUILT_PRODUCTS_DIR; };
		D1C9BD71191919B000B22750 /* Foundation.framework */ = {isa = PBXFileReference; lastKnownFileType = wrapper.framework; name = Foundation.framework; path = System/Library/Frameworks/Foundation.framework; sourceTree = SDKROOT; };
		D1C9BD73191919B000B22750 /* CoreGraphics.framework */ = {isa = PBXFileReference; lastKnownFileType = wrapper.framework; name = CoreGraphics.framework; path = System/Library/Frameworks/CoreGraphics.framework; sourceTree = SDKROOT; };
		D1C9BD75191919B000B22750 /* UIKit.framework */ = {isa = PBXFileReference; lastKnownFileType = wrapper.framework; name = UIKit.framework; path = System/Library/Frameworks/UIKit.framework; sourceTree = SDKROOT; };
		D1C9BD89191919B000B22750 /* MAOFlipViewControllerTests.xctest */ = {isa = PBXFileReference; explicitFileType = wrapper.cfbundle; includeInIndex = 0; path = MAOFlipViewControllerTests.xctest; sourceTree = BUILT_PRODUCTS_DIR; };
		D1C9BD8A191919B000B22750 /* XCTest.framework */ = {isa = PBXFileReference; lastKnownFileType = wrapper.framework; name = XCTest.framework; path = Library/Frameworks/XCTest.framework; sourceTree = DEVELOPER_DIR; };
		D1C9BD92191919B000B22750 /* MAOFlipViewControllerTests-Info.plist */ = {isa = PBXFileReference; lastKnownFileType = text.plist.xml; path = "MAOFlipViewControllerTests-Info.plist"; sourceTree = "<group>"; };
		D1C9BD94191919B000B22750 /* en */ = {isa = PBXFileReference; lastKnownFileType = text.plist.strings; name = en; path = en.lproj/InfoPlist.strings; sourceTree = "<group>"; };
		D1C9BD96191919B000B22750 /* MAOFlipViewControllerTests.m */ = {isa = PBXFileReference; lastKnownFileType = sourcecode.c.objc; path = MAOFlipViewControllerTests.m; sourceTree = "<group>"; };
		D1C9BDA419191A6400B22750 /* MAOPanGestureRecognizer.h */ = {isa = PBXFileReference; fileEncoding = 4; lastKnownFileType = sourcecode.c.h; path = MAOPanGestureRecognizer.h; sourceTree = "<group>"; };
		D1C9BDA519191A6400B22750 /* MAOPanGestureRecognizer.m */ = {isa = PBXFileReference; fileEncoding = 4; lastKnownFileType = sourcecode.c.objc; path = MAOPanGestureRecognizer.m; sourceTree = "<group>"; };
		D1C9BDA719191AE600B22750 /* MAOFlipInteraction.h */ = {isa = PBXFileReference; fileEncoding = 4; lastKnownFileType = sourcecode.c.h; path = MAOFlipInteraction.h; sourceTree = "<group>"; };
		D1C9BDA819191AE600B22750 /* MAOFlipInteraction.m */ = {isa = PBXFileReference; fileEncoding = 4; lastKnownFileType = sourcecode.c.objc; path = MAOFlipInteraction.m; sourceTree = "<group>"; };
		D1C9BDAA19191B9300B22750 /* MAOFlipTransition.h */ = {isa = PBXFileReference; fileEncoding = 4; lastKnownFileType = sourcecode.c.h; path = MAOFlipTransition.h; sourceTree = "<group>"; };
		D1C9BDAB19191B9300B22750 /* MAOFlipTransition.m */ = {isa = PBXFileReference; fileEncoding = 4; lastKnownFileType = sourcecode.c.objc; path = MAOFlipTransition.m; sourceTree = "<group>"; };
		D1C9BDAD19191BEB00B22750 /* MAOFlipViewController.h */ = {isa = PBXFileReference; fileEncoding = 4; lastKnownFileType = sourcecode.c.h; path = MAOFlipViewController.h; sourceTree = "<group>"; };
		D1C9BDAE19191BEB00B22750 /* MAOFlipViewController.m */ = {isa = PBXFileReference; fileEncoding = 4; lastKnownFileType = sourcecode.c.objc; path = MAOFlipViewController.m; sourceTree = "<group>"; };
/* End PBXFileReference section */

/* Begin PBXFrameworksBuildPhase section */
		D1C9BD6B191919B000B22750 /* Frameworks */ = {
			isa = PBXFrameworksBuildPhase;
			buildActionMask = 2147483647;
			files = (
				D1C9BD74191919B000B22750 /* CoreGraphics.framework in Frameworks */,
				D1C9BD76191919B000B22750 /* UIKit.framework in Frameworks */,
				D1C9BD72191919B000B22750 /* Foundation.framework in Frameworks */,
			);
			runOnlyForDeploymentPostprocessing = 0;
		};
		D1C9BD86191919B000B22750 /* Frameworks */ = {
			isa = PBXFrameworksBuildPhase;
			buildActionMask = 2147483647;
			files = (
				D1C9BD8B191919B000B22750 /* XCTest.framework in Frameworks */,
				D1C9BD8D191919B000B22750 /* UIKit.framework in Frameworks */,
				D1C9BD8C191919B000B22750 /* Foundation.framework in Frameworks */,
			);
			runOnlyForDeploymentPostprocessing = 0;
		};
/* End PBXFrameworksBuildPhase section */

/* Begin PBXGroup section */
		D1C9BD65191919B000B22750 = {
			isa = PBXGroup;
			children = (
				D1C9BD77191919B000B22750 /* MAOFlipViewController */,
				D1C9BD90191919B000B22750 /* MAOFlipViewControllerTests */,
				D1C9BD70191919B000B22750 /* Frameworks */,
				D1C9BD6F191919B000B22750 /* Products */,
			);
			sourceTree = "<group>";
		};
		D1C9BD6F191919B000B22750 /* Products */ = {
			isa = PBXGroup;
			children = (
				D1C9BD6E191919B000B22750 /* MAOFlipViewController.app */,
				D1C9BD89191919B000B22750 /* MAOFlipViewControllerTests.xctest */,
			);
			name = Products;
			sourceTree = "<group>";
		};
		D1C9BD70191919B000B22750 /* Frameworks */ = {
			isa = PBXGroup;
			children = (
				D1C9BD71191919B000B22750 /* Foundation.framework */,
				D1C9BD73191919B000B22750 /* CoreGraphics.framework */,
				D1C9BD75191919B000B22750 /* UIKit.framework */,
				D1C9BD8A191919B000B22750 /* XCTest.framework */,
			);
			name = Frameworks;
			sourceTree = "<group>";
		};
		D1C9BD77191919B000B22750 /* MAOFlipViewController */ = {
			isa = PBXGroup;
			children = (
				D1C9BDA219191A3D00B22750 /* viewcontroller */,
				D1C9BD78191919B000B22750 /* Supporting Files */,
			);
			path = MAOFlipViewController;
			sourceTree = "<group>";
		};
		D1C9BD78191919B000B22750 /* Supporting Files */ = {
			isa = PBXGroup;
			children = (
			);
			name = "Supporting Files";
			sourceTree = "<group>";
		};
		D1C9BD90191919B000B22750 /* MAOFlipViewControllerTests */ = {
			isa = PBXGroup;
			children = (
				D1C9BD96191919B000B22750 /* MAOFlipViewControllerTests.m */,
				D1C9BD91191919B000B22750 /* Supporting Files */,
			);
			path = MAOFlipViewControllerTests;
			sourceTree = "<group>";
		};
		D1C9BD91191919B000B22750 /* Supporting Files */ = {
			isa = PBXGroup;
			children = (
				D1C9BD92191919B000B22750 /* MAOFlipViewControllerTests-Info.plist */,
				D1C9BD93191919B000B22750 /* InfoPlist.strings */,
			);
			name = "Supporting Files";
			sourceTree = "<group>";
		};
		D1C9BDA019191A2E00B22750 /* gesture */ = {
			isa = PBXGroup;
			children = (
				D1C9BDA419191A6400B22750 /* MAOPanGestureRecognizer.h */,
				D1C9BDA519191A6400B22750 /* MAOPanGestureRecognizer.m */,
			);
			name = gesture;
			sourceTree = "<group>";
		};
		D1C9BDA119191A3700B22750 /* interaction */ = {
			isa = PBXGroup;
			children = (
				D1C9BDA719191AE600B22750 /* MAOFlipInteraction.h */,
				D1C9BDA819191AE600B22750 /* MAOFlipInteraction.m */,
			);
			name = interaction;
			sourceTree = "<group>";
		};
		D1C9BDA219191A3D00B22750 /* viewcontroller */ = {
			isa = PBXGroup;
			children = (
				D1C9BDA119191A3700B22750 /* interaction */,
				D1C9BDA319191A4700B22750 /* transition */,
				D1C9BDA019191A2E00B22750 /* gesture */,
				D1C9BDAD19191BEB00B22750 /* MAOFlipViewController.h */,
				D1C9BDAE19191BEB00B22750 /* MAOFlipViewController.m */,
			);
			name = viewcontroller;
			sourceTree = "<group>";
		};
		D1C9BDA319191A4700B22750 /* transition */ = {
			isa = PBXGroup;
			children = (
				D1C9BDAA19191B9300B22750 /* MAOFlipTransition.h */,
				D1C9BDAB19191B9300B22750 /* MAOFlipTransition.m */,
			);
			name = transition;
			sourceTree = "<group>";
		};
/* End PBXGroup section */

/* Begin PBXNativeTarget section */
		D1C9BD6D191919B000B22750 /* MAOFlipViewController */ = {
			isa = PBXNativeTarget;
			buildConfigurationList = D1C9BD9A191919B100B22750 /* Build configuration list for PBXNativeTarget "MAOFlipViewController" */;
			buildPhases = (
				D1C9BD6A191919B000B22750 /* Sources */,
				D1C9BD6B191919B000B22750 /* Frameworks */,
				D1C9BD6C191919B000B22750 /* Resources */,
			);
			buildRules = (
			);
			dependencies = (
			);
			name = MAOFlipViewController;
			productName = MAOFlipViewController;
			productReference = D1C9BD6E191919B000B22750 /* MAOFlipViewController.app */;
			productType = "com.apple.product-type.application";
		};
		D1C9BD88191919B000B22750 /* MAOFlipViewControllerTests */ = {
			isa = PBXNativeTarget;
			buildConfigurationList = D1C9BD9D191919B100B22750 /* Build configuration list for PBXNativeTarget "MAOFlipViewControllerTests" */;
			buildPhases = (
				D1C9BD85191919B000B22750 /* Sources */,
				D1C9BD86191919B000B22750 /* Frameworks */,
				D1C9BD87191919B000B22750 /* Resources */,
			);
			buildRules = (
			);
			dependencies = (
				D1C9BD8F191919B000B22750 /* PBXTargetDependency */,
			);
			name = MAOFlipViewControllerTests;
			productName = MAOFlipViewControllerTests;
			productReference = D1C9BD89191919B000B22750 /* MAOFlipViewControllerTests.xctest */;
			productType = "com.apple.product-type.bundle.unit-test";
		};
/* End PBXNativeTarget section */

/* Begin PBXProject section */
		D1C9BD66191919B000B22750 /* Project object */ = {
			isa = PBXProject;
			attributes = {
				CLASSPREFIX = MAO;
				LastUpgradeCheck = 0510;
				ORGANIZATIONNAME = "Mao Nishi";
				TargetAttributes = {
					D1C9BD88191919B000B22750 = {
						TestTargetID = D1C9BD6D191919B000B22750;
					};
				};
			};
			buildConfigurationList = D1C9BD69191919B000B22750 /* Build configuration list for PBXProject "MAOFlipViewController" */;
			compatibilityVersion = "Xcode 3.2";
			developmentRegion = English;
			hasScannedForEncodings = 0;
			knownRegions = (
				en,
			);
			mainGroup = D1C9BD65191919B000B22750;
			productRefGroup = D1C9BD6F191919B000B22750 /* Products */;
			projectDirPath = "";
			projectRoot = "";
			targets = (
				D1C9BD6D191919B000B22750 /* MAOFlipViewController */,
				D1C9BD88191919B000B22750 /* MAOFlipViewControllerTests */,
			);
		};
/* End PBXProject section */

/* Begin PBXResourcesBuildPhase section */
		D1C9BD6C191919B000B22750 /* Resources */ = {
			isa = PBXResourcesBuildPhase;
			buildActionMask = 2147483647;
			files = (
			);
			runOnlyForDeploymentPostprocessing = 0;
		};
		D1C9BD87191919B000B22750 /* Resources */ = {
			isa = PBXResourcesBuildPhase;
			buildActionMask = 2147483647;
			files = (
				D1C9BD95191919B000B22750 /* InfoPlist.strings in Resources */,
			);
			runOnlyForDeploymentPostprocessing = 0;
		};
/* End PBXResourcesBuildPhase section */

/* Begin PBXSourcesBuildPhase section */
		D1C9BD6A191919B000B22750 /* Sources */ = {
			isa = PBXSourcesBuildPhase;
			buildActionMask = 2147483647;
			files = (
				D1C9BDA619191A6400B22750 /* MAOPanGestureRecognizer.m in Sources */,
				D1C9BDAF19191BEB00B22750 /* MAOFlipViewController.m in Sources */,
				D1C9BDAC19191B9300B22750 /* MAOFlipTransition.m in Sources */,
				D1C9BDA919191AE600B22750 /* MAOFlipInteraction.m in Sources */,
			);
			runOnlyForDeploymentPostprocessing = 0;
		};
		D1C9BD85191919B000B22750 /* Sources */ = {
			isa = PBXSourcesBuildPhase;
			buildActionMask = 2147483647;
			files = (
				D1C9BD97191919B000B22750 /* MAOFlipViewControllerTests.m in Sources */,
			);
			runOnlyForDeploymentPostprocessing = 0;
		};
/* End PBXSourcesBuildPhase section */

/* Begin PBXTargetDependency section */
		D1C9BD8F191919B000B22750 /* PBXTargetDependency */ = {
			isa = PBXTargetDependency;
			target = D1C9BD6D191919B000B22750 /* MAOFlipViewController */;
			targetProxy = D1C9BD8E191919B000B22750 /* PBXContainerItemProxy */;
		};
/* End PBXTargetDependency section */

/* Begin PBXVariantGroup section */
		D1C9BD93191919B000B22750 /* InfoPlist.strings */ = {
			isa = PBXVariantGroup;
			children = (
				D1C9BD94191919B000B22750 /* en */,
			);
			name = InfoPlist.strings;
			sourceTree = "<group>";
		};
/* End PBXVariantGroup section */

/* Begin XCBuildConfiguration section */
		D1C9BD98191919B100B22750 /* Debug */ = {
			isa = XCBuildConfiguration;
			buildSettings = {
				ALWAYS_SEARCH_USER_PATHS = NO;
				CLANG_CXX_LANGUAGE_STANDARD = "gnu++0x";
				CLANG_CXX_LIBRARY = "libc++";
				CLANG_ENABLE_MODULES = YES;
				CLANG_ENABLE_OBJC_ARC = YES;
				CLANG_WARN_BOOL_CONVERSION = YES;
				CLANG_WARN_CONSTANT_CONVERSION = YES;
				CLANG_WARN_DIRECT_OBJC_ISA_USAGE = YES_ERROR;
				CLANG_WARN_EMPTY_BODY = YES;
				CLANG_WARN_ENUM_CONVERSION = YES;
				CLANG_WARN_INT_CONVERSION = YES;
				CLANG_WARN_OBJC_ROOT_CLASS = YES_ERROR;
				CLANG_WARN__DUPLICATE_METHOD_MATCH = YES;
				"CODE_SIGN_IDENTITY[sdk=iphoneos*]" = "iPhone Developer";
				COPY_PHASE_STRIP = NO;
				GCC_C_LANGUAGE_STANDARD = gnu99;
				GCC_DYNAMIC_NO_PIC = NO;
				GCC_OPTIMIZATION_LEVEL = 0;
				GCC_PREPROCESSOR_DEFINITIONS = (
					"DEBUG=1",
					"$(inherited)",
				);
				GCC_SYMBOLS_PRIVATE_EXTERN = NO;
				GCC_WARN_64_TO_32_BIT_CONVERSION = YES;
				GCC_WARN_ABOUT_RETURN_TYPE = YES_ERROR;
				GCC_WARN_UNDECLARED_SELECTOR = YES;
				GCC_WARN_UNINITIALIZED_AUTOS = YES_AGGRESSIVE;
				GCC_WARN_UNUSED_FUNCTION = YES;
				GCC_WARN_UNUSED_VARIABLE = YES;
				IPHONEOS_DEPLOYMENT_TARGET = 7.1;
				ONLY_ACTIVE_ARCH = YES;
				SDKROOT = iphoneos;
			};
			name = Debug;
		};
		D1C9BD99191919B100B22750 /* Release */ = {
			isa = XCBuildConfiguration;
			buildSettings = {
				ALWAYS_SEARCH_USER_PATHS = NO;
				CLANG_CXX_LANGUAGE_STANDARD = "gnu++0x";
				CLANG_CXX_LIBRARY = "libc++";
				CLANG_ENABLE_MODULES = YES;
				CLANG_ENABLE_OBJC_ARC = YES;
				CLANG_WARN_BOOL_CONVERSION = YES;
				CLANG_WARN_CONSTANT_CONVERSION = YES;
				CLANG_WARN_DIRECT_OBJC_ISA_USAGE = YES_ERROR;
				CLANG_WARN_EMPTY_BODY = YES;
				CLANG_WARN_ENUM_CONVERSION = YES;
				CLANG_WARN_INT_CONVERSION = YES;
				CLANG_WARN_OBJC_ROOT_CLASS = YES_ERROR;
				CLANG_WARN__DUPLICATE_METHOD_MATCH = YES;
				"CODE_SIGN_IDENTITY[sdk=iphoneos*]" = "iPhone Developer";
				COPY_PHASE_STRIP = YES;
				ENABLE_NS_ASSERTIONS = NO;
				GCC_C_LANGUAGE_STANDARD = gnu99;
				GCC_WARN_64_TO_32_BIT_CONVERSION = YES;
				GCC_WARN_ABOUT_RETURN_TYPE = YES_ERROR;
				GCC_WARN_UNDECLARED_SELECTOR = YES;
				GCC_WARN_UNINITIALIZED_AUTOS = YES_AGGRESSIVE;
				GCC_WARN_UNUSED_FUNCTION = YES;
				GCC_WARN_UNUSED_VARIABLE = YES;
				IPHONEOS_DEPLOYMENT_TARGET = 7.1;
				SDKROOT = iphoneos;
				VALIDATE_PRODUCT = YES;
			};
			name = Release;
		};
		D1C9BD9B191919B100B22750 /* Debug */ = {
			isa = XCBuildConfiguration;
			buildSettings = {
				ASSETCATALOG_COMPILER_APPICON_NAME = AppIcon;
				ASSETCATALOG_COMPILER_LAUNCHIMAGE_NAME = LaunchImage;
				GCC_PRECOMPILE_PREFIX_HEADER = YES;
				GCC_PREFIX_HEADER = "MAOFlipViewController/MAOFlipViewController-Prefix.pch";
				INFOPLIST_FILE = "MAOFlipViewController/MAOFlipViewController-Info.plist";
				PRODUCT_NAME = "$(TARGET_NAME)";
				WRAPPER_EXTENSION = app;
			};
			name = Debug;
		};
		D1C9BD9C191919B100B22750 /* Release */ = {
			isa = XCBuildConfiguration;
			buildSettings = {
				ASSETCATALOG_COMPILER_APPICON_NAME = AppIcon;
				ASSETCATALOG_COMPILER_LAUNCHIMAGE_NAME = LaunchImage;
				GCC_PRECOMPILE_PREFIX_HEADER = YES;
				GCC_PREFIX_HEADER = "MAOFlipViewController/MAOFlipViewController-Prefix.pch";
				INFOPLIST_FILE = "MAOFlipViewController/MAOFlipViewController-Info.plist";
				PRODUCT_NAME = "$(TARGET_NAME)";
				WRAPPER_EXTENSION = app;
			};
			name = Release;
		};
		D1C9BD9E191919B100B22750 /* Debug */ = {
			isa = XCBuildConfiguration;
			buildSettings = {
				BUNDLE_LOADER = "$(BUILT_PRODUCTS_DIR)/MAOFlipViewController.app/MAOFlipViewController";
				FRAMEWORK_SEARCH_PATHS = (
					"$(SDKROOT)/Developer/Library/Frameworks",
					"$(inherited)",
					"$(DEVELOPER_FRAMEWORKS_DIR)",
				);
				GCC_PRECOMPILE_PREFIX_HEADER = YES;
				GCC_PREFIX_HEADER = "MAOFlipViewController/MAOFlipViewController-Prefix.pch";
				GCC_PREPROCESSOR_DEFINITIONS = (
					"DEBUG=1",
					"$(inherited)",
				);
				INFOPLIST_FILE = "MAOFlipViewControllerTests/MAOFlipViewControllerTests-Info.plist";
				PRODUCT_NAME = "$(TARGET_NAME)";
				TEST_HOST = "$(BUNDLE_LOADER)";
				WRAPPER_EXTENSION = xctest;
			};
			name = Debug;
		};
		D1C9BD9F191919B100B22750 /* Release */ = {
			isa = XCBuildConfiguration;
			buildSettings = {
				BUNDLE_LOADER = "$(BUILT_PRODUCTS_DIR)/MAOFlipViewController.app/MAOFlipViewController";
				FRAMEWORK_SEARCH_PATHS = (
					"$(SDKROOT)/Developer/Library/Frameworks",
					"$(inherited)",
					"$(DEVELOPER_FRAMEWORKS_DIR)",
				);
				GCC_PRECOMPILE_PREFIX_HEADER = YES;
				GCC_PREFIX_HEADER = "MAOFlipViewController/MAOFlipViewController-Prefix.pch";
				INFOPLIST_FILE = "MAOFlipViewControllerTests/MAOFlipViewControllerTests-Info.plist";
				PRODUCT_NAME = "$(TARGET_NAME)";
				TEST_HOST = "$(BUNDLE_LOADER)";
				WRAPPER_EXTENSION = xctest;
			};
			name = Release;
		};
/* End XCBuildConfiguration section */

/* Begin XCConfigurationList section */
		D1C9BD69191919B000B22750 /* Build configuration list for PBXProject "MAOFlipViewController" */ = {
			isa = XCConfigurationList;
			buildConfigurations = (
				D1C9BD98191919B100B22750 /* Debug */,
				D1C9BD99191919B100B22750 /* Release */,
			);
			defaultConfigurationIsVisible = 0;
			defaultConfigurationName = Release;
		};
		D1C9BD9A191919B100B22750 /* Build configuration list for PBXNativeTarget "MAOFlipViewController" */ = {
			isa = XCConfigurationList;
			buildConfigurations = (
				D1C9BD9B191919B100B22750 /* Debug */,
				D1C9BD9C191919B100B22750 /* Release */,
			);
			defaultConfigurationIsVisible = 0;
			defaultConfigurationName = Release;
		};
		D1C9BD9D191919B100B22750 /* Build configuration list for PBXNativeTarget "MAOFlipViewControllerTests" */ = {
			isa = XCConfigurationList;
			buildConfigurations = (
				D1C9BD9E191919B100B22750 /* Debug */,
				D1C9BD9F191919B100B22750 /* Release */,
			);
			defaultConfigurationIsVisible = 0;
			defaultConfigurationName = Release;
		};
/* End XCConfigurationList section */
	};
	rootObject = D1C9BD66191919B000B22750 /* Project object */;
}
